// !$*UTF8*$!
{
	archiveVersion = 1;
	classes = {
	};
	objectVersion = 48;
	objects = {

/* Begin PBXBuildFile section */
		B3A6B2181FA2535E0052C8CB /* AppDelegate.swift in Sources */ = {isa = PBXBuildFile; fileRef = B3A6B2171FA2535E0052C8CB /* AppDelegate.swift */; };
		B3A6B21A1FA2535E0052C8CB /* ViewController.swift in Sources */ = {isa = PBXBuildFile; fileRef = B3A6B2191FA2535E0052C8CB /* ViewController.swift */; };
		B3A6B21D1FA2535E0052C8CB /* Main.storyboard in Resources */ = {isa = PBXBuildFile; fileRef = B3A6B21B1FA2535E0052C8CB /* Main.storyboard */; };
		B3A6B21F1FA2535E0052C8CB /* Assets.xcassets in Resources */ = {isa = PBXBuildFile; fileRef = B3A6B21E1FA2535E0052C8CB /* Assets.xcassets */; };
		B3A6B2221FA2535E0052C8CB /* LaunchScreen.storyboard in Resources */ = {isa = PBXBuildFile; fileRef = B3A6B2201FA2535E0052C8CB /* LaunchScreen.storyboard */; };
		B3E206381FA8F7850033EDB3 /* TableViewController.swift in Sources */ = {isa = PBXBuildFile; fileRef = B3E206371FA8F7850033EDB3 /* TableViewController.swift */; };
		B3E2063A1FA8FA1B0033EDB3 /* MeetupEvent.swift in Sources */ = {isa = PBXBuildFile; fileRef = B3E206391FA8FA1B0033EDB3 /* MeetupEvent.swift */; };
/* End PBXBuildFile section */

/* Begin PBXFileReference section */
		B3A6B2141FA2535E0052C8CB /* my-first-app.app */ = {isa = PBXFileReference; explicitFileType = wrapper.application; includeInIndex = 0; path = "my-first-app.app"; sourceTree = BUILT_PRODUCTS_DIR; };
		B3A6B2171FA2535E0052C8CB /* AppDelegate.swift */ = {isa = PBXFileReference; lastKnownFileType = sourcecode.swift; path = AppDelegate.swift; sourceTree = "<group>"; };
		B3A6B2191FA2535E0052C8CB /* ViewController.swift */ = {isa = PBXFileReference; lastKnownFileType = sourcecode.swift; path = ViewController.swift; sourceTree = "<group>"; };
		B3A6B21C1FA2535E0052C8CB /* Base */ = {isa = PBXFileReference; lastKnownFileType = file.storyboard; name = Base; path = Base.lproj/Main.storyboard; sourceTree = "<group>"; };
		B3A6B21E1FA2535E0052C8CB /* Assets.xcassets */ = {isa = PBXFileReference; lastKnownFileType = folder.assetcatalog; path = Assets.xcassets; sourceTree = "<group>"; };
		B3A6B2211FA2535E0052C8CB /* Base */ = {isa = PBXFileReference; lastKnownFileType = file.storyboard; name = Base; path = Base.lproj/LaunchScreen.storyboard; sourceTree = "<group>"; };
		B3A6B2231FA2535E0052C8CB /* Info.plist */ = {isa = PBXFileReference; lastKnownFileType = text.plist.xml; path = Info.plist; sourceTree = "<group>"; };
		B3E206371FA8F7850033EDB3 /* TableViewController.swift */ = {isa = PBXFileReference; lastKnownFileType = sourcecode.swift; path = TableViewController.swift; sourceTree = "<group>"; };
		B3E206391FA8FA1B0033EDB3 /* MeetupEvent.swift */ = {isa = PBXFileReference; lastKnownFileType = sourcecode.swift; path = MeetupEvent.swift; sourceTree = "<group>"; };
/* End PBXFileReference section */

/* Begin PBXFrameworksBuildPhase section */
		B3A6B2111FA2535E0052C8CB /* Frameworks */ = {
			isa = PBXFrameworksBuildPhase;
			buildActionMask = 2147483647;
			files = (
			);
			runOnlyForDeploymentPostprocessing = 0;
		};
/* End PBXFrameworksBuildPhase section */

/* Begin PBXGroup section */
		B3A6B20B1FA2535D0052C8CB = {
			isa = PBXGroup;
			children = (
				B3A6B2161FA2535E0052C8CB /* my-first-app */,
				B3A6B2151FA2535E0052C8CB /* Products */,
			);
			sourceTree = "<group>";
		};
		B3A6B2151FA2535E0052C8CB /* Products */ = {
			isa = PBXGroup;
			children = (
				B3A6B2141FA2535E0052C8CB /* my-first-app.app */,
			);
			name = Products;
			sourceTree = "<group>";
		};
		B3A6B2161FA2535E0052C8CB /* my-first-app */ = {
			isa = PBXGroup;
			children = (
				B3A6B2171FA2535E0052C8CB /* AppDelegate.swift */,
				B3A6B2191FA2535E0052C8CB /* ViewController.swift */,
				B3A6B21B1FA2535E0052C8CB /* Main.storyboard */,
				B3A6B21E1FA2535E0052C8CB /* Assets.xcassets */,
				B3A6B2201FA2535E0052C8CB /* LaunchScreen.storyboard */,
				B3A6B2231FA2535E0052C8CB /* Info.plist */,
				B3E206371FA8F7850033EDB3 /* TableViewController.swift */,
				B3E206391FA8FA1B0033EDB3 /* MeetupEvent.swift */,
			);
			path = "my-first-app";
			sourceTree = "<group>";
		};
/* End PBXGroup section */

/* Begin PBXNativeTarget section */
		B3A6B2131FA2535E0052C8CB /* my-first-app */ = {
			isa = PBXNativeTarget;
			buildConfigurationList = B3A6B2261FA2535E0052C8CB /* Build configuration list for PBXNativeTarget "my-first-app" */;
			buildPhases = (
				B3A6B2101FA2535E0052C8CB /* Sources */,
				B3A6B2111FA2535E0052C8CB /* Frameworks */,
				B3A6B2121FA2535E0052C8CB /* Resources */,
			);
			buildRules = (
			);
			dependencies = (
			);
			name = "my-first-app";
			productName = "my-first-app";
			productReference = B3A6B2141FA2535E0052C8CB /* my-first-app.app */;
			productType = "com.apple.product-type.application";
		};
/* End PBXNativeTarget section */

/* Begin PBXProject section */
		B3A6B20C1FA2535D0052C8CB /* Project object */ = {
			isa = PBXProject;
			attributes = {
				LastSwiftUpdateCheck = 0900;
				LastUpgradeCheck = 0900;
				ORGANIZATIONNAME = "Bright Digit, LLC";
				TargetAttributes = {
					B3A6B2131FA2535E0052C8CB = {
						CreatedOnToolsVersion = 9.0.1;
						ProvisioningStyle = Automatic;
					};
				};
			};
			buildConfigurationList = B3A6B20F1FA2535D0052C8CB /* Build configuration list for PBXProject "my-first-app" */;
			compatibilityVersion = "Xcode 8.0";
			developmentRegion = en;
			hasScannedForEncodings = 0;
			knownRegions = (
				en,
				Base,
			);
			mainGroup = B3A6B20B1FA2535D0052C8CB;
			productRefGroup = B3A6B2151FA2535E0052C8CB /* Products */;
			projectDirPath = "";
			projectRoot = "";
			targets = (
				B3A6B2131FA2535E0052C8CB /* my-first-app */,
			);
		};
/* End PBXProject section */

/* Begin PBXResourcesBuildPhase section */
		B3A6B2121FA2535E0052C8CB /* Resources */ = {
			isa = PBXResourcesBuildPhase;
			buildActionMask = 2147483647;
			files = (
				B3A6B2221FA2535E0052C8CB /* LaunchScreen.storyboard in Resources */,
				B3A6B21F1FA2535E0052C8CB /* Assets.xcassets in Resources */,
				B3A6B21D1FA2535E0052C8CB /* Main.storyboard in Resources */,
			);
			runOnlyForDeploymentPostprocessing = 0;
		};
/* End PBXResourcesBuildPhase section */

/* Begin PBXSourcesBuildPhase section */
		B3A6B2101FA2535E0052C8CB /* Sources */ = {
			isa = PBXSourcesBuildPhase;
			buildActionMask = 2147483647;
			files = (
				B3A6B21A1FA2535E0052C8CB /* ViewController.swift in Sources */,
				B3E206381FA8F7850033EDB3 /* TableViewController.swift in Sources */,
				B3E2063A1FA8FA1B0033EDB3 /* MeetupEvent.swift in Sources */,
				B3A6B2181FA2535E0052C8CB /* AppDelegate.swift in Sources */,
			);
			runOnlyForDeploymentPostprocessing = 0;
		};
/* End PBXSourcesBuildPhase section */

/* Begin PBXVariantGroup section */
		B3A6B21B1FA2535E0052C8CB /* Main.storyboard */ = {
			isa = PBXVariantGroup;
			children = (
				B3A6B21C1FA2535E0052C8CB /* Base */,
			);
			name = Main.storyboard;
			sourceTree = "<group>";
		};
		B3A6B2201FA2535E0052C8CB /* LaunchScreen.storyboard */ = {
			isa = PBXVariantGroup;
			children = (
				B3A6B2211FA2535E0052C8CB /* Base */,
			);
			name = LaunchScreen.storyboard;
			sourceTree = "<group>";
		};
/* End PBXVariantGroup section */

/* Begin XCBuildConfiguration section */
		B3A6B2241FA2535E0052C8CB /* Debug */ = {
			isa = XCBuildConfiguration;
			buildSettings = {
				ALWAYS_SEARCH_USER_PATHS = NO;
				CLANG_ANALYZER_NONNULL = YES;
				CLANG_ANALYZER_NUMBER_OBJECT_CONVERSION = YES_AGGRESSIVE;
				CLANG_CXX_LANGUAGE_STANDARD = "gnu++14";
				CLANG_CXX_LIBRARY = "libc++";
				CLANG_ENABLE_MODULES = YES;
				CLANG_ENABLE_OBJC_ARC = YES;
				CLANG_WARN_BLOCK_CAPTURE_AUTORELEASING = YES;
				CLANG_WARN_BOOL_CONVERSION = YES;
				CLANG_WARN_COMMA = YES;
				CLANG_WARN_CONSTANT_CONVERSION = YES;
				CLANG_WARN_DIRECT_OBJC_ISA_USAGE = YES_ERROR;
				CLANG_WARN_DOCUMENTATION_COMMENTS = YES;
				CLANG_WARN_EMPTY_BODY = YES;
				CLANG_WARN_ENUM_CONVERSION = YES;
				CLANG_WARN_INFINITE_RECURSION = YES;
				CLANG_WARN_INT_CONVERSION = YES;
				CLANG_WARN_NON_LITERAL_NULL_CONVERSION = YES;
				CLANG_WARN_OBJC_LITERAL_CONVERSION = YES;
				CLANG_WARN_OBJC_ROOT_CLASS = YES_ERROR;
				CLANG_WARN_RANGE_LOOP_ANALYSIS = YES;
				CLANG_WARN_STRICT_PROTOTYPES = YES;
				CLANG_WARN_SUSPICIOUS_MOVE = YES;
				CLANG_WARN_UNGUARDED_AVAILABILITY = YES_AGGRESSIVE;
				CLANG_WARN_UNREACHABLE_CODE = YES;
				CLANG_WARN__DUPLICATE_METHOD_MATCH = YES;
				CODE_SIGN_IDENTITY = "iPhone Developer";
				COPY_PHASE_STRIP = NO;
				DEBUG_INFORMATION_FORMAT = dwarf;
				ENABLE_STRICT_OBJC_MSGSEND = YES;
				ENABLE_TESTABILITY = YES;
				GCC_C_LANGUAGE_STANDARD = gnu11;
				GCC_DYNAMIC_NO_PIC = NO;
				GCC_NO_COMMON_BLOCKS = YES;
				GCC_OPTIMIZATION_LEVEL = 0;
				GCC_PREPROCESSOR_DEFINITIONS = (
					"DEBUG=1",
					"$(inherited)",
				);
				GCC_WARN_64_TO_32_BIT_CONVERSION = YES;
				GCC_WARN_ABOUT_RETURN_TYPE = YES_ERROR;
				GCC_WARN_UNDECLARED_SELECTOR = YES;
				GCC_WARN_UNINITIALIZED_AUTOS = YES_AGGRESSIVE;
				GCC_WARN_UNUSED_FUNCTION = YES;
				GCC_WARN_UNUSED_VARIABLE = YES;
				IPHONEOS_DEPLOYMENT_TARGET = 11.0;
				MTL_ENABLE_DEBUG_INFO = YES;
				ONLY_ACTIVE_ARCH = YES;
				SDKROOT = iphoneos;
				SWIFT_ACTIVE_COMPILATION_CONDITIONS = DEBUG;
				SWIFT_OPTIMIZATION_LEVEL = "-Onone";
			};
			name = Debug;
		};
		B3A6B2251FA2535E0052C8CB /* Release */ = {
			isa = XCBuildConfiguration;
			buildSettings = {
				ALWAYS_SEARCH_USER_PATHS = NO;
				CLANG_ANALYZER_NONNULL = YES;
				CLANG_ANALYZER_NUMBER_OBJECT_CONVERSION = YES_AGGRESSIVE;
				CLANG_CXX_LANGUAGE_STANDARD = "gnu++14";
				CLANG_CXX_LIBRARY = "libc++";
				CLANG_ENABLE_MODULES = YES;
				CLANG_ENABLE_OBJC_ARC = YES;
				CLANG_WARN_BLOCK_CAPTURE_AUTORELEASING = YES;
				CLANG_WARN_BOOL_CONVERSION = YES;
				CLANG_WARN_COMMA = YES;
				CLANG_WARN_CONSTANT_CONVERSION = YES;
				CLANG_WARN_DIRECT_OBJC_ISA_USAGE = YES_ERROR;
				CLANG_WARN_DOCUMENTATION_COMMENTS = YES;
				CLANG_WARN_EMPTY_BODY = YES;
				CLANG_WARN_ENUM_CONVERSION = YES;
				CLANG_WARN_INFINITE_RECURSION = YES;
				CLANG_WARN_INT_CONVERSION = YES;
				CLANG_WARN_NON_LITERAL_NULL_CONVERSION = YES;
				CLANG_WARN_OBJC_LITERAL_CONVERSION = YES;
				CLANG_WARN_OBJC_ROOT_CLASS = YES_ERROR;
				CLANG_WARN_RANGE_LOOP_ANALYSIS = YES;
				CLANG_WARN_STRICT_PROTOTYPES = YES;
				CLANG_WARN_SUSPICIOUS_MOVE = YES;
				CLANG_WARN_UNGUARDED_AVAILABILITY = YES_AGGRESSIVE;
				CLANG_WARN_UNREACHABLE_CODE = YES;
				CLANG_WARN__DUPLICATE_METHOD_MATCH = YES;
				CODE_SIGN_IDENTITY = "iPhone Developer";
				COPY_PHASE_STRIP = NO;
				DEBUG_INFORMATION_FORMAT = "dwarf-with-dsym";
				ENABLE_NS_ASSERTIONS = NO;
				ENABLE_STRICT_OBJC_MSGSEND = YES;
				GCC_C_LANGUAGE_STANDARD = gnu11;
				GCC_NO_COMMON_BLOCKS = YES;
				GCC_WARN_64_TO_32_BIT_CONVERSION = YES;
				GCC_WARN_ABOUT_RETURN_TYPE = YES_ERROR;
				GCC_WARN_UNDECLARED_SELECTOR = YES;
				GCC_WARN_UNINITIALIZED_AUTOS = YES_AGGRESSIVE;
				GCC_WARN_UNUSED_FUNCTION = YES;
				GCC_WARN_UNUSED_VARIABLE = YES;
				IPHONEOS_DEPLOYMENT_TARGET = 11.0;
				MTL_ENABLE_DEBUG_INFO = NO;
				SDKROOT = iphoneos;
				SWIFT_OPTIMIZATION_LEVEL = "-Owholemodule";
				VALIDATE_PRODUCT = YES;
			};
			name = Release;
		};
		B3A6B2271FA2535E0052C8CB /* Debug */ = {
			isa = XCBuildConfiguration;
			buildSettings = {
				ASSETCATALOG_COMPILER_APPICON_NAME = AppIcon;
				CODE_SIGN_STYLE = Automatic;
				DEVELOPMENT_TEAM = MLT7M394S7;
				INFOPLIST_FILE = "my-first-app/Info.plist";
				LD_RUNPATH_SEARCH_PATHS = "$(inherited) @executable_path/Frameworks";
				PRODUCT_BUNDLE_IDENTIFIER = "com.brightdigit.my-first-app";
				PRODUCT_NAME = "$(TARGET_NAME)";
				SWIFT_VERSION = 4.0;
				TARGETED_DEVICE_FAMILY = "1,2";
			};
			name = Debug;
		};
		B3A6B2281FA2535E0052C8CB /* Release */ = {
			isa = XCBuildConfiguration;
			buildSettings = {
				ASSETCATALOG_COMPILER_APPICON_NAME = AppIcon;
				CODE_SIGN_STYLE = Automatic;
				DEVELOPMENT_TEAM = MLT7M394S7;
				INFOPLIST_FILE = "my-first-app/Info.plist";
				LD_RUNPATH_SEARCH_PATHS = "$(inherited) @executable_path/Frameworks";
				PRODUCT_BUNDLE_IDENTIFIER = "com.brightdigit.my-first-app";
				PRODUCT_NAME = "$(TARGET_NAME)";
				SWIFT_VERSION = 4.0;
				TARGETED_DEVICE_FAMILY = "1,2";
			};
			name = Release;
		};
/* End XCBuildConfiguration section */

/* Begin XCConfigurationList section */
		B3A6B20F1FA2535D0052C8CB /* Build configuration list for PBXProject "my-first-app" */ = {
			isa = XCConfigurationList;
			buildConfigurations = (
				B3A6B2241FA2535E0052C8CB /* Debug */,
				B3A6B2251FA2535E0052C8CB /* Release */,
			);
			defaultConfigurationIsVisible = 0;
			defaultConfigurationName = Release;
		};
		B3A6B2261FA2535E0052C8CB /* Build configuration list for PBXNativeTarget "my-first-app" */ = {
			isa = XCConfigurationList;
			buildConfigurations = (
				B3A6B2271FA2535E0052C8CB /* Debug */,
				B3A6B2281FA2535E0052C8CB /* Release */,
			);
			defaultConfigurationIsVisible = 0;
			defaultConfigurationName = Release;
		};
/* End XCConfigurationList section */
	};
	rootObject = B3A6B20C1FA2535D0052C8CB /* Project object */;
}
